
Microsoft Visual Studio Solution File, Format Version 12.00
# Visual Studio Version 16
VisualStudioVersion = 16.0.29123.88
MinimumVisualStudioVersion = 10.0.40219.1
Project("{FAE04EC0-301F-11D3-BF4B-00C04F79EFBC}") = "SecondProject", "SecondProject\SecondProject.csproj", "{58BBD14C-17AE-4671-BFED-77FF39CDE57A}"
EndProject
Global
	GlobalSection(SolutionConfigurationPlatforms) = preSolution
		Debug|Any CPU = Debug|Any CPU
		Release|Any CPU = Release|Any CPU
	EndGlobalSection
	GlobalSection(ProjectConfigurationPlatforms) = postSolution
		{58BBD14C-17AE-4671-BFED-77FF39CDE57A}.Debug|Any CPU.ActiveCfg = Debug|Any CPU
		{58BBD14C-17AE-4671-BFED-77FF39CDE57A}.Debug|Any CPU.Build.0 = Debug|Any CPU
		{58BBD14C-17AE-4671-BFED-77FF39CDE57A}.Release|Any CPU.ActiveCfg = Release|Any CPU
		{58BBD14C-17AE-4671-BFED-77FF39CDE57A}.Release|Any CPU.Build.0 = Release|Any CPU
	EndGlobalSection
	GlobalSection(SolutionProperties) = preSolution
		HideSolutionNode = FALSE
	EndGlobalSection
	GlobalSection(ExtensibilityGlobals) = postSolution
		SolutionGuid = {16D9E4EA-F03F-46E8-BAF7-0BA211AB0099}
	EndGlobalSection
EndGlobal
